
Microsoft Visual Studio Solution File, Format Version 12.00
# Visual Studio Version 17
VisualStudioVersion = 17.5.33424.131
MinimumVisualStudioVersion = 10.0.40219.1
Project("{9A19103F-16F7-4668-BE54-9A1E7A4F7556}") = "Ecommerce.Business", "Ecommerce.Business\Ecommerce.Business.csproj", "{B0A6119B-4F34-43CE-9FDC-D883144B9887}"
EndProject
Project("{9A19103F-16F7-4668-BE54-9A1E7A4F7556}") = "Ecommerce.Data", "Ecommerce.Data\Ecommerce.Data.csproj", "{296E29C1-24CE-4132-AAF0-02144E291C9B}"
EndProject
Project("{FAE04EC0-301F-11D3-BF4B-00C04F79EFBC}") = "Ecommerce.Api", "Ecommerce.Api\Ecommerce.Api.csproj", "{82BBD78B-A3C3-4100-9506-78AABCA894DF}"
EndProject
Global
	GlobalSection(SolutionConfigurationPlatforms) = preSolution
		Debug|Any CPU = Debug|Any CPU
		Release|Any CPU = Release|Any CPU
	EndGlobalSection
	GlobalSection(ProjectConfigurationPlatforms) = postSolution
		{B0A6119B-4F34-43CE-9FDC-D883144B9887}.Debug|Any CPU.ActiveCfg = Debug|Any CPU
		{B0A6119B-4F34-43CE-9FDC-D883144B9887}.Debug|Any CPU.Build.0 = Debug|Any CPU
		{B0A6119B-4F34-43CE-9FDC-D883144B9887}.Release|Any CPU.ActiveCfg = Release|Any CPU
		{B0A6119B-4F34-43CE-9FDC-D883144B9887}.Release|Any CPU.Build.0 = Release|Any CPU
		{296E29C1-24CE-4132-AAF0-02144E291C9B}.Debug|Any CPU.ActiveCfg = Debug|Any CPU
		{296E29C1-24CE-4132-AAF0-02144E291C9B}.Debug|Any CPU.Build.0 = Debug|Any CPU
		{296E29C1-24CE-4132-AAF0-02144E291C9B}.Release|Any CPU.ActiveCfg = Release|Any CPU
		{296E29C1-24CE-4132-AAF0-02144E291C9B}.Release|Any CPU.Build.0 = Release|Any CPU
		{82BBD78B-A3C3-4100-9506-78AABCA894DF}.Debug|Any CPU.ActiveCfg = Debug|Any CPU
		{82BBD78B-A3C3-4100-9506-78AABCA894DF}.Debug|Any CPU.Build.0 = Debug|Any CPU
		{82BBD78B-A3C3-4100-9506-78AABCA894DF}.Release|Any CPU.ActiveCfg = Release|Any CPU
		{82BBD78B-A3C3-4100-9506-78AABCA894DF}.Release|Any CPU.Build.0 = Release|Any CPU
	EndGlobalSection
	GlobalSection(SolutionProperties) = preSolution
		HideSolutionNode = FALSE
	EndGlobalSection
	GlobalSection(ExtensibilityGlobals) = postSolution
		SolutionGuid = {32B198FE-4E82-4FA9-BE35-FC93D7B63B44}
	EndGlobalSection
EndGlobal
